
Microsoft Visual Studio Solution File, Format Version 12.00
# Visual Studio Version 16
VisualStudioVersion = 16.0.30002.166
MinimumVisualStudioVersion = 10.0.40219.1
Project("{8BC9CEB8-8B4A-11D0-8D11-00A0C91BC942}") = "Nhac", "Nhac\Nhac.vcxproj", "{059AFAE9-1CF1-4E00-AC12-E703845C5AB9}"
EndProject
Global
	GlobalSection(SolutionConfigurationPlatforms) = preSolution
		Debug|x64 = Debug|x64
		Debug|x86 = Debug|x86
		Release|x64 = Release|x64
		Release|x86 = Release|x86
	EndGlobalSection
	GlobalSection(ProjectConfigurationPlatforms) = postSolution
		{059AFAE9-1CF1-4E00-AC12-E703845C5AB9}.Debug|x64.ActiveCfg = Debug|x64
		{059AFAE9-1CF1-4E00-AC12-E703845C5AB9}.Debug|x64.Build.0 = Debug|x64
		{059AFAE9-1CF1-4E00-AC12-E703845C5AB9}.Debug|x86.ActiveCfg = Debug|Win32
		{059AFAE9-1CF1-4E00-AC12-E703845C5AB9}.Debug|x86.Build.0 = Debug|Win32
		{059AFAE9-1CF1-4E00-AC12-E703845C5AB9}.Release|x64.ActiveCfg = Release|x64
		{059AFAE9-1CF1-4E00-AC12-E703845C5AB9}.Release|x64.Build.0 = Release|x64
		{059AFAE9-1CF1-4E00-AC12-E703845C5AB9}.Release|x86.ActiveCfg = Release|Win32
		{059AFAE9-1CF1-4E00-AC12-E703845C5AB9}.Release|x86.Build.0 = Release|Win32
	EndGlobalSection
	GlobalSection(SolutionProperties) = preSolution
		HideSolutionNode = FALSE
	EndGlobalSection
	GlobalSection(ExtensibilityGlobals) = postSolution
		SolutionGuid = {074B1C5D-0BAC-4EE7-9EC5-AC0C3E6B29FF}
	EndGlobalSection
EndGlobal
